
Microsoft Visual Studio Solution File, Format Version 12.00
# Visual Studio Version 17
VisualStudioVersion = 17.1.32328.378
MinimumVisualStudioVersion = 10.0.40219.1
Project("{9A19103F-16F7-4668-BE54-9A1E7A4F7556}") = "PizzaPlace_2022.Server", "PizzaPlace_2022\Server\PizzaPlace_2022.Server.csproj", "{55588A7E-D8F0-464E-B0F1-114F1D965EDB}"
EndProject
Project("{9A19103F-16F7-4668-BE54-9A1E7A4F7556}") = "PizzaPlace_2022.Client", "PizzaPlace_2022\Client\PizzaPlace_2022.Client.csproj", "{E9D28CA6-1DF7-44DD-BE71-424228C66FB3}"
EndProject
Project("{9A19103F-16F7-4668-BE54-9A1E7A4F7556}") = "PizzaPlace_2022.Shared", "PizzaPlace_2022\Shared\PizzaPlace_2022.Shared.csproj", "{C07E05EC-0E8E-4265-850B-704177ED8B92}"
EndProject
Global
	GlobalSection(SolutionConfigurationPlatforms) = preSolution
		Debug|Any CPU = Debug|Any CPU
		Release|Any CPU = Release|Any CPU
	EndGlobalSection
	GlobalSection(ProjectConfigurationPlatforms) = postSolution
		{55588A7E-D8F0-464E-B0F1-114F1D965EDB}.Debug|Any CPU.ActiveCfg = Debug|Any CPU
		{55588A7E-D8F0-464E-B0F1-114F1D965EDB}.Debug|Any CPU.Build.0 = Debug|Any CPU
		{55588A7E-D8F0-464E-B0F1-114F1D965EDB}.Release|Any CPU.ActiveCfg = Release|Any CPU
		{55588A7E-D8F0-464E-B0F1-114F1D965EDB}.Release|Any CPU.Build.0 = Release|Any CPU
		{E9D28CA6-1DF7-44DD-BE71-424228C66FB3}.Debug|Any CPU.ActiveCfg = Debug|Any CPU
		{E9D28CA6-1DF7-44DD-BE71-424228C66FB3}.Debug|Any CPU.Build.0 = Debug|Any CPU
		{E9D28CA6-1DF7-44DD-BE71-424228C66FB3}.Release|Any CPU.ActiveCfg = Release|Any CPU
		{E9D28CA6-1DF7-44DD-BE71-424228C66FB3}.Release|Any CPU.Build.0 = Release|Any CPU
		{C07E05EC-0E8E-4265-850B-704177ED8B92}.Debug|Any CPU.ActiveCfg = Debug|Any CPU
		{C07E05EC-0E8E-4265-850B-704177ED8B92}.Debug|Any CPU.Build.0 = Debug|Any CPU
		{C07E05EC-0E8E-4265-850B-704177ED8B92}.Release|Any CPU.ActiveCfg = Release|Any CPU
		{C07E05EC-0E8E-4265-850B-704177ED8B92}.Release|Any CPU.Build.0 = Release|Any CPU
	EndGlobalSection
	GlobalSection(SolutionProperties) = preSolution
		HideSolutionNode = FALSE
	EndGlobalSection
	GlobalSection(ExtensibilityGlobals) = postSolution
		SolutionGuid = {FF3D75A0-1116-44F2-AD34-7EC2181000BB}
	EndGlobalSection
EndGlobal
